// !$*UTF8*$!
{
	archiveVersion = 1;
	classes = {
	};
	objectVersion = 56;
	objects = {

/* Begin PBXBuildFile section */
		F1C1C72C2C2B27140003DDF4 /* RealityKitContent in Frameworks */ = {isa = PBXBuildFile; productRef = F1C1C72B2C2B27140003DDF4 /* RealityKitContent */; };
		F1C1C72E2C2B27140003DDF4 /* Integrate_App.swift in Sources */ = {isa = PBXBuildFile; fileRef = F1C1C72D2C2B27140003DDF4 /* Integrate_App.swift */; };
		F1C1C7302C2B27140003DDF4 /* ContentView.swift in Sources */ = {isa = PBXBuildFile; fileRef = F1C1C72F2C2B27140003DDF4 /* ContentView.swift */; };
		F1C1C7322C2B27140003DDF4 /* ImmersiveView.swift in Sources */ = {isa = PBXBuildFile; fileRef = F1C1C7312C2B27140003DDF4 /* ImmersiveView.swift */; };
		F1C1C7342C2B27140003DDF4 /* ImageBasedLighting.skybox in Resources */ = {isa = PBXBuildFile; fileRef = F1C1C7332C2B27140003DDF4 /* ImageBasedLighting.skybox */; };
		F1C1C7362C2B27150003DDF4 /* Assets.xcassets in Resources */ = {isa = PBXBuildFile; fileRef = F1C1C7352C2B27150003DDF4 /* Assets.xcassets */; };
		F1C1C7392C2B27150003DDF4 /* Preview Assets.xcassets in Resources */ = {isa = PBXBuildFile; fileRef = F1C1C7382C2B27150003DDF4 /* Preview Assets.xcassets */; };
		F1C1C7442C2B27150003DDF4 /* Integrate_Tests.swift in Sources */ = {isa = PBXBuildFile; fileRef = F1C1C7432C2B27150003DDF4 /* Integrate_Tests.swift */; };
/* End PBXBuildFile section */

/* Begin PBXContainerItemProxy section */
		F1C1C7402C2B27150003DDF4 /* PBXContainerItemProxy */ = {
			isa = PBXContainerItemProxy;
			containerPortal = F1C1C71E2C2B27140003DDF4 /* Project object */;
			proxyType = 1;
			remoteGlobalIDString = F1C1C7252C2B27140003DDF4;
			remoteInfo = "Integrate!";
		};
/* End PBXContainerItemProxy section */

/* Begin PBXFileReference section */
		F1C1C7262C2B27140003DDF4 /* Integrate!.app */ = {isa = PBXFileReference; explicitFileType = wrapper.application; includeInIndex = 0; path = "Integrate!.app"; sourceTree = BUILT_PRODUCTS_DIR; };
		F1C1C72A2C2B27140003DDF4 /* RealityKitContent */ = {isa = PBXFileReference; lastKnownFileType = wrapper; path = RealityKitContent; sourceTree = "<group>"; };
		F1C1C72D2C2B27140003DDF4 /* Integrate_App.swift */ = {isa = PBXFileReference; lastKnownFileType = sourcecode.swift; path = Integrate_App.swift; sourceTree = "<group>"; };
		F1C1C72F2C2B27140003DDF4 /* ContentView.swift */ = {isa = PBXFileReference; lastKnownFileType = sourcecode.swift; path = ContentView.swift; sourceTree = "<group>"; };
		F1C1C7312C2B27140003DDF4 /* ImmersiveView.swift */ = {isa = PBXFileReference; lastKnownFileType = sourcecode.swift; path = ImmersiveView.swift; sourceTree = "<group>"; };
		F1C1C7332C2B27140003DDF4 /* ImageBasedLighting.skybox */ = {isa = PBXFileReference; lastKnownFileType = file.skybox; path = ImageBasedLighting.skybox; sourceTree = "<group>"; };
		F1C1C7352C2B27150003DDF4 /* Assets.xcassets */ = {isa = PBXFileReference; lastKnownFileType = folder.assetcatalog; path = Assets.xcassets; sourceTree = "<group>"; };
		F1C1C7382C2B27150003DDF4 /* Preview Assets.xcassets */ = {isa = PBXFileReference; lastKnownFileType = folder.assetcatalog; path = "Preview Assets.xcassets"; sourceTree = "<group>"; };
		F1C1C73A2C2B27150003DDF4 /* Info.plist */ = {isa = PBXFileReference; lastKnownFileType = text.plist.xml; path = Info.plist; sourceTree = "<group>"; };
		F1C1C73F2C2B27150003DDF4 /* Integrate!Tests.xctest */ = {isa = PBXFileReference; explicitFileType = wrapper.cfbundle; includeInIndex = 0; path = "Integrate!Tests.xctest"; sourceTree = BUILT_PRODUCTS_DIR; };
		F1C1C7432C2B27150003DDF4 /* Integrate_Tests.swift */ = {isa = PBXFileReference; lastKnownFileType = sourcecode.swift; path = Integrate_Tests.swift; sourceTree = "<group>"; };
/* End PBXFileReference section */

/* Begin PBXFrameworksBuildPhase section */
		F1C1C7232C2B27140003DDF4 /* Frameworks */ = {
			isa = PBXFrameworksBuildPhase;
			buildActionMask = 2147483647;
			files = (
				F1C1C72C2C2B27140003DDF4 /* RealityKitContent in Frameworks */,
			);
			runOnlyForDeploymentPostprocessing = 0;
		};
		F1C1C73C2C2B27150003DDF4 /* Frameworks */ = {
			isa = PBXFrameworksBuildPhase;
			buildActionMask = 2147483647;
			files = (
			);
			runOnlyForDeploymentPostprocessing = 0;
		};
/* End PBXFrameworksBuildPhase section */

/* Begin PBXGroup section */
		F1C1C71D2C2B27140003DDF4 = {
			isa = PBXGroup;
			children = (
				F1C1C7282C2B27140003DDF4 /* Integrate! */,
				F1C1C7292C2B27140003DDF4 /* Packages */,
				F1C1C7422C2B27150003DDF4 /* Integrate!Tests */,
				F1C1C7272C2B27140003DDF4 /* Products */,
			);
			sourceTree = "<group>";
		};
		F1C1C7272C2B27140003DDF4 /* Products */ = {
			isa = PBXGroup;
			children = (
				F1C1C7262C2B27140003DDF4 /* Integrate!.app */,
				F1C1C73F2C2B27150003DDF4 /* Integrate!Tests.xctest */,
			);
			name = Products;
			sourceTree = "<group>";
		};
		F1C1C7282C2B27140003DDF4 /* Integrate! */ = {
			isa = PBXGroup;
			children = (
				F1C1C72D2C2B27140003DDF4 /* Integrate_App.swift */,
				F1C1C72F2C2B27140003DDF4 /* ContentView.swift */,
				F1C1C7312C2B27140003DDF4 /* ImmersiveView.swift */,
				F1C1C7332C2B27140003DDF4 /* ImageBasedLighting.skybox */,
				F1C1C7352C2B27150003DDF4 /* Assets.xcassets */,
				F1C1C73A2C2B27150003DDF4 /* Info.plist */,
				F1C1C7372C2B27150003DDF4 /* Preview Content */,
			);
			path = "Integrate!";
			sourceTree = "<group>";
		};
		F1C1C7292C2B27140003DDF4 /* Packages */ = {
			isa = PBXGroup;
			children = (
				F1C1C72A2C2B27140003DDF4 /* RealityKitContent */,
			);
			path = Packages;
			sourceTree = "<group>";
		};
		F1C1C7372C2B27150003DDF4 /* Preview Content */ = {
			isa = PBXGroup;
			children = (
				F1C1C7382C2B27150003DDF4 /* Preview Assets.xcassets */,
			);
			path = "Preview Content";
			sourceTree = "<group>";
		};
		F1C1C7422C2B27150003DDF4 /* Integrate!Tests */ = {
			isa = PBXGroup;
			children = (
				F1C1C7432C2B27150003DDF4 /* Integrate_Tests.swift */,
			);
			path = "Integrate!Tests";
			sourceTree = "<group>";
		};
/* End PBXGroup section */

/* Begin PBXNativeTarget section */
		F1C1C7252C2B27140003DDF4 /* Integrate! */ = {
			isa = PBXNativeTarget;
			buildConfigurationList = F1C1C7472C2B27150003DDF4 /* Build configuration list for PBXNativeTarget "Integrate!" */;
			buildPhases = (
				F1C1C7222C2B27140003DDF4 /* Sources */,
				F1C1C7232C2B27140003DDF4 /* Frameworks */,
				F1C1C7242C2B27140003DDF4 /* Resources */,
			);
			buildRules = (
			);
			dependencies = (
			);
			name = "Integrate!";
			packageProductDependencies = (
				F1C1C72B2C2B27140003DDF4 /* RealityKitContent */,
			);
			productName = "Integrate!";
			productReference = F1C1C7262C2B27140003DDF4 /* Integrate!.app */;
			productType = "com.apple.product-type.application";
		};
		F1C1C73E2C2B27150003DDF4 /* Integrate!Tests */ = {
			isa = PBXNativeTarget;
			buildConfigurationList = F1C1C74A2C2B27150003DDF4 /* Build configuration list for PBXNativeTarget "Integrate!Tests" */;
			buildPhases = (
				F1C1C73B2C2B27150003DDF4 /* Sources */,
				F1C1C73C2C2B27150003DDF4 /* Frameworks */,
				F1C1C73D2C2B27150003DDF4 /* Resources */,
			);
			buildRules = (
			);
			dependencies = (
				F1C1C7412C2B27150003DDF4 /* PBXTargetDependency */,
			);
			name = "Integrate!Tests";
			productName = "Integrate!Tests";
			productReference = F1C1C73F2C2B27150003DDF4 /* Integrate!Tests.xctest */;
			productType = "com.apple.product-type.bundle.unit-test";
		};
/* End PBXNativeTarget section */

/* Begin PBXProject section */
		F1C1C71E2C2B27140003DDF4 /* Project object */ = {
			isa = PBXProject;
			attributes = {
				BuildIndependentTargetsInParallel = 1;
				LastSwiftUpdateCheck = 1540;
				LastUpgradeCheck = 1540;
				TargetAttributes = {
					F1C1C7252C2B27140003DDF4 = {
						CreatedOnToolsVersion = 15.4;
					};
					F1C1C73E2C2B27150003DDF4 = {
						CreatedOnToolsVersion = 15.4;
						TestTargetID = F1C1C7252C2B27140003DDF4;
					};
				};
			};
			buildConfigurationList = F1C1C7212C2B27140003DDF4 /* Build configuration list for PBXProject "Integrate!" */;
			compatibilityVersion = "Xcode 14.0";
			developmentRegion = en;
			hasScannedForEncodings = 0;
			knownRegions = (
				en,
				Base,
			);
			mainGroup = F1C1C71D2C2B27140003DDF4;
			productRefGroup = F1C1C7272C2B27140003DDF4 /* Products */;
			projectDirPath = "";
			projectRoot = "";
			targets = (
				F1C1C7252C2B27140003DDF4 /* Integrate! */,
				F1C1C73E2C2B27150003DDF4 /* Integrate!Tests */,
			);
		};
/* End PBXProject section */

/* Begin PBXResourcesBuildPhase section */
		F1C1C7242C2B27140003DDF4 /* Resources */ = {
			isa = PBXResourcesBuildPhase;
			buildActionMask = 2147483647;
			files = (
				F1C1C7362C2B27150003DDF4 /* Assets.xcassets in Resources */,
				F1C1C7392C2B27150003DDF4 /* Preview Assets.xcassets in Resources */,
				F1C1C7342C2B27140003DDF4 /* ImageBasedLighting.skybox in Resources */,
			);
			runOnlyForDeploymentPostprocessing = 0;
		};
		F1C1C73D2C2B27150003DDF4 /* Resources */ = {
			isa = PBXResourcesBuildPhase;
			buildActionMask = 2147483647;
			files = (
			);
			runOnlyForDeploymentPostprocessing = 0;
		};
/* End PBXResourcesBuildPhase section */

/* Begin PBXSourcesBuildPhase section */
		F1C1C7222C2B27140003DDF4 /* Sources */ = {
			isa = PBXSourcesBuildPhase;
			buildActionMask = 2147483647;
			files = (
				F1C1C7302C2B27140003DDF4 /* ContentView.swift in Sources */,
				F1C1C72E2C2B27140003DDF4 /* Integrate_App.swift in Sources */,
				F1C1C7322C2B27140003DDF4 /* ImmersiveView.swift in Sources */,
			);
			runOnlyForDeploymentPostprocessing = 0;
		};
		F1C1C73B2C2B27150003DDF4 /* Sources */ = {
			isa = PBXSourcesBuildPhase;
			buildActionMask = 2147483647;
			files = (
				F1C1C7442C2B27150003DDF4 /* Integrate_Tests.swift in Sources */,
			);
			runOnlyForDeploymentPostprocessing = 0;
		};
/* End PBXSourcesBuildPhase section */

/* Begin PBXTargetDependency section */
		F1C1C7412C2B27150003DDF4 /* PBXTargetDependency */ = {
			isa = PBXTargetDependency;
			target = F1C1C7252C2B27140003DDF4 /* Integrate! */;
			targetProxy = F1C1C7402C2B27150003DDF4 /* PBXContainerItemProxy */;
		};
/* End PBXTargetDependency section */

/* Begin XCBuildConfiguration section */
		F1C1C7452C2B27150003DDF4 /* Debug */ = {
			isa = XCBuildConfiguration;
			buildSettings = {
				ALWAYS_SEARCH_USER_PATHS = NO;
				ASSETCATALOG_COMPILER_GENERATE_SWIFT_ASSET_SYMBOL_EXTENSIONS = YES;
				CLANG_ANALYZER_NONNULL = YES;
				CLANG_ANALYZER_NUMBER_OBJECT_CONVERSION = YES_AGGRESSIVE;
				CLANG_CXX_LANGUAGE_STANDARD = "gnu++20";
				CLANG_ENABLE_MODULES = YES;
				CLANG_ENABLE_OBJC_ARC = YES;
				CLANG_ENABLE_OBJC_WEAK = YES;
				CLANG_WARN_BLOCK_CAPTURE_AUTORELEASING = YES;
				CLANG_WARN_BOOL_CONVERSION = YES;
				CLANG_WARN_COMMA = YES;
				CLANG_WARN_CONSTANT_CONVERSION = YES;
				CLANG_WARN_DEPRECATED_OBJC_IMPLEMENTATIONS = YES;
				CLANG_WARN_DIRECT_OBJC_ISA_USAGE = YES_ERROR;
				CLANG_WARN_DOCUMENTATION_COMMENTS = YES;
				CLANG_WARN_EMPTY_BODY = YES;
				CLANG_WARN_ENUM_CONVERSION = YES;
				CLANG_WARN_INFINITE_RECURSION = YES;
				CLANG_WARN_INT_CONVERSION = YES;
				CLANG_WARN_NON_LITERAL_NULL_CONVERSION = YES;
				CLANG_WARN_OBJC_IMPLICIT_RETAIN_SELF = YES;
				CLANG_WARN_OBJC_LITERAL_CONVERSION = YES;
				CLANG_WARN_OBJC_ROOT_CLASS = YES_ERROR;
				CLANG_WARN_QUOTED_INCLUDE_IN_FRAMEWORK_HEADER = YES;
				CLANG_WARN_RANGE_LOOP_ANALYSIS = YES;
				CLANG_WARN_STRICT_PROTOTYPES = YES;
				CLANG_WARN_SUSPICIOUS_MOVE = YES;
				CLANG_WARN_UNGUARDED_AVAILABILITY = YES_AGGRESSIVE;
				CLANG_WARN_UNREACHABLE_CODE = YES;
				CLANG_WARN__DUPLICATE_METHOD_MATCH = YES;
				COPY_PHASE_STRIP = NO;
				DEBUG_INFORMATION_FORMAT = dwarf;
				ENABLE_STRICT_OBJC_MSGSEND = YES;
				ENABLE_TESTABILITY = YES;
				ENABLE_USER_SCRIPT_SANDBOXING = YES;
				GCC_C_LANGUAGE_STANDARD = gnu17;
				GCC_DYNAMIC_NO_PIC = NO;
				GCC_NO_COMMON_BLOCKS = YES;
				GCC_OPTIMIZATION_LEVEL = 0;
				GCC_PREPROCESSOR_DEFINITIONS = (
					"DEBUG=1",
					"$(inherited)",
				);
				GCC_WARN_64_TO_32_BIT_CONVERSION = YES;
				GCC_WARN_ABOUT_RETURN_TYPE = YES_ERROR;
				GCC_WARN_UNDECLARED_SELECTOR = YES;
				GCC_WARN_UNINITIALIZED_AUTOS = YES_AGGRESSIVE;
				GCC_WARN_UNUSED_FUNCTION = YES;
				GCC_WARN_UNUSED_VARIABLE = YES;
				LOCALIZATION_PREFERS_STRING_CATALOGS = YES;
				MTL_ENABLE_DEBUG_INFO = INCLUDE_SOURCE;
				MTL_FAST_MATH = YES;
				ONLY_ACTIVE_ARCH = YES;
				SDKROOT = xros;
				SWIFT_ACTIVE_COMPILATION_CONDITIONS = "DEBUG $(inherited)";
				SWIFT_OPTIMIZATION_LEVEL = "-Onone";
				XROS_DEPLOYMENT_TARGET = 1.2;
			};
			name = Debug;
		};
		F1C1C7462C2B27150003DDF4 /* Release */ = {
			isa = XCBuildConfiguration;
			buildSettings = {
				ALWAYS_SEARCH_USER_PATHS = NO;
				ASSETCATALOG_COMPILER_GENERATE_SWIFT_ASSET_SYMBOL_EXTENSIONS = YES;
				CLANG_ANALYZER_NONNULL = YES;
				CLANG_ANALYZER_NUMBER_OBJECT_CONVERSION = YES_AGGRESSIVE;
				CLANG_CXX_LANGUAGE_STANDARD = "gnu++20";
				CLANG_ENABLE_MODULES = YES;
				CLANG_ENABLE_OBJC_ARC = YES;
				CLANG_ENABLE_OBJC_WEAK = YES;
				CLANG_WARN_BLOCK_CAPTURE_AUTORELEASING = YES;
				CLANG_WARN_BOOL_CONVERSION = YES;
				CLANG_WARN_COMMA = YES;
				CLANG_WARN_CONSTANT_CONVERSION = YES;
				CLANG_WARN_DEPRECATED_OBJC_IMPLEMENTATIONS = YES;
				CLANG_WARN_DIRECT_OBJC_ISA_USAGE = YES_ERROR;
				CLANG_WARN_DOCUMENTATION_COMMENTS = YES;
				CLANG_WARN_EMPTY_BODY = YES;
				CLANG_WARN_ENUM_CONVERSION = YES;
				CLANG_WARN_INFINITE_RECURSION = YES;
				CLANG_WARN_INT_CONVERSION = YES;
				CLANG_WARN_NON_LITERAL_NULL_CONVERSION = YES;
				CLANG_WARN_OBJC_IMPLICIT_RETAIN_SELF = YES;
				CLANG_WARN_OBJC_LITERAL_CONVERSION = YES;
				CLANG_WARN_OBJC_ROOT_CLASS = YES_ERROR;
				CLANG_WARN_QUOTED_INCLUDE_IN_FRAMEWORK_HEADER = YES;
				CLANG_WARN_RANGE_LOOP_ANALYSIS = YES;
				CLANG_WARN_STRICT_PROTOTYPES = YES;
				CLANG_WARN_SUSPICIOUS_MOVE = YES;
				CLANG_WARN_UNGUARDED_AVAILABILITY = YES_AGGRESSIVE;
				CLANG_WARN_UNREACHABLE_CODE = YES;
				CLANG_WARN__DUPLICATE_METHOD_MATCH = YES;
				COPY_PHASE_STRIP = NO;
				DEBUG_INFORMATION_FORMAT = "dwarf-with-dsym";
				ENABLE_NS_ASSERTIONS = NO;
				ENABLE_STRICT_OBJC_MSGSEND = YES;
				ENABLE_USER_SCRIPT_SANDBOXING = YES;
				GCC_C_LANGUAGE_STANDARD = gnu17;
				GCC_NO_COMMON_BLOCKS = YES;
				GCC_WARN_64_TO_32_BIT_CONVERSION = YES;
				GCC_WARN_ABOUT_RETURN_TYPE = YES_ERROR;
				GCC_WARN_UNDECLARED_SELECTOR = YES;
				GCC_WARN_UNINITIALIZED_AUTOS = YES_AGGRESSIVE;
				GCC_WARN_UNUSED_FUNCTION = YES;
				GCC_WARN_UNUSED_VARIABLE = YES;
				LOCALIZATION_PREFERS_STRING_CATALOGS = YES;
				MTL_ENABLE_DEBUG_INFO = NO;
				MTL_FAST_MATH = YES;
				SDKROOT = xros;
				SWIFT_COMPILATION_MODE = wholemodule;
				VALIDATE_PRODUCT = YES;
				XROS_DEPLOYMENT_TARGET = 1.2;
			};
			name = Release;
		};
		F1C1C7482C2B27150003DDF4 /* Debug */ = {
			isa = XCBuildConfiguration;
			buildSettings = {
				ASSETCATALOG_COMPILER_APPICON_NAME = AppIcon;
				ASSETCATALOG_COMPILER_GLOBAL_ACCENT_COLOR_NAME = AccentColor;
				CODE_SIGN_STYLE = Automatic;
				CURRENT_PROJECT_VERSION = 1;
				DEVELOPMENT_ASSET_PATHS = "\"Integrate!/Preview Content\"";
				ENABLE_PREVIEWS = YES;
				GENERATE_INFOPLIST_FILE = YES;
				INFOPLIST_FILE = "$(TARGET_NAME)/Info.plist";
				LD_RUNPATH_SEARCH_PATHS = (
					"$(inherited)",
					"@executable_path/Frameworks",
				);
				MARKETING_VERSION = 1.0;
				PRODUCT_BUNDLE_IDENTIFIER = "co.codeabode.Integrate-";
				PRODUCT_NAME = "$(TARGET_NAME)";
				SUPPORTED_PLATFORMS = "xros xrsimulator";
				SWIFT_EMIT_LOC_STRINGS = YES;
				SWIFT_VERSION = 5.0;
				TARGETED_DEVICE_FAMILY = "1,2,7";
			};
			name = Debug;
		};
		F1C1C7492C2B27150003DDF4 /* Release */ = {
			isa = XCBuildConfiguration;
			buildSettings = {
				ASSETCATALOG_COMPILER_APPICON_NAME = AppIcon;
				ASSETCATALOG_COMPILER_GLOBAL_ACCENT_COLOR_NAME = AccentColor;
				CODE_SIGN_STYLE = Automatic;
				CURRENT_PROJECT_VERSION = 1;
				DEVELOPMENT_ASSET_PATHS = "\"Integrate!/Preview Content\"";
				ENABLE_PREVIEWS = YES;
				GENERATE_INFOPLIST_FILE = YES;
				INFOPLIST_FILE = "$(TARGET_NAME)/Info.plist";
				LD_RUNPATH_SEARCH_PATHS = (
					"$(inherited)",
					"@executable_path/Frameworks",
				);
				MARKETING_VERSION = 1.0;
				PRODUCT_BUNDLE_IDENTIFIER = "co.codeabode.Integrate-";
				PRODUCT_NAME = "$(TARGET_NAME)";
				SUPPORTED_PLATFORMS = "xros xrsimulator";
				SWIFT_EMIT_LOC_STRINGS = YES;
				SWIFT_VERSION = 5.0;
				TARGETED_DEVICE_FAMILY = "1,2,7";
			};
			name = Release;
		};
		F1C1C74B2C2B27150003DDF4 /* Debug */ = {
			isa = XCBuildConfiguration;
			buildSettings = {
				ALWAYS_EMBED_SWIFT_STANDARD_LIBRARIES = YES;
				BUNDLE_LOADER = "$(TEST_HOST)";
				CODE_SIGN_STYLE = Automatic;
				CURRENT_PROJECT_VERSION = 1;
				GENERATE_INFOPLIST_FILE = YES;
				MARKETING_VERSION = 1.0;
				PRODUCT_BUNDLE_IDENTIFIER = "co.codeabode.Integrate-Tests";
				PRODUCT_NAME = "$(TARGET_NAME)";
				SUPPORTED_PLATFORMS = "xros xrsimulator";
				SWIFT_EMIT_LOC_STRINGS = NO;
				SWIFT_VERSION = 5.0;
				TARGETED_DEVICE_FAMILY = "1,2,7";
				TEST_HOST = "$(BUILT_PRODUCTS_DIR)/Integrate!.app/$(BUNDLE_EXECUTABLE_FOLDER_PATH)/Integrate!";
				XROS_DEPLOYMENT_TARGET = 1.2;
			};
			name = Debug;
		};
		F1C1C74C2C2B27150003DDF4 /* Release */ = {
			isa = XCBuildConfiguration;
			buildSettings = {
				ALWAYS_EMBED_SWIFT_STANDARD_LIBRARIES = YES;
				BUNDLE_LOADER = "$(TEST_HOST)";
				CODE_SIGN_STYLE = Automatic;
				CURRENT_PROJECT_VERSION = 1;
				GENERATE_INFOPLIST_FILE = YES;
				MARKETING_VERSION = 1.0;
				PRODUCT_BUNDLE_IDENTIFIER = "co.codeabode.Integrate-Tests";
				PRODUCT_NAME = "$(TARGET_NAME)";
				SUPPORTED_PLATFORMS = "xros xrsimulator";
				SWIFT_EMIT_LOC_STRINGS = NO;
				SWIFT_VERSION = 5.0;
				TARGETED_DEVICE_FAMILY = "1,2,7";
				TEST_HOST = "$(BUILT_PRODUCTS_DIR)/Integrate!.app/$(BUNDLE_EXECUTABLE_FOLDER_PATH)/Integrate!";
				XROS_DEPLOYMENT_TARGET = 1.2;
			};
			name = Release;
		};
/* End XCBuildConfiguration section */

/* Begin XCConfigurationList section */
		F1C1C7212C2B27140003DDF4 /* Build configuration list for PBXProject "Integrate!" */ = {
			isa = XCConfigurationList;
			buildConfigurations = (
				F1C1C7452C2B27150003DDF4 /* Debug */,
				F1C1C7462C2B27150003DDF4 /* Release */,
			);
			defaultConfigurationIsVisible = 0;
			defaultConfigurationName = Release;
		};
		F1C1C7472C2B27150003DDF4 /* Build configuration list for PBXNativeTarget "Integrate!" */ = {
			isa = XCConfigurationList;
			buildConfigurations = (
				F1C1C7482C2B27150003DDF4 /* Debug */,
				F1C1C7492C2B27150003DDF4 /* Release */,
			);
			defaultConfigurationIsVisible = 0;
			defaultConfigurationName = Release;
		};
		F1C1C74A2C2B27150003DDF4 /* Build configuration list for PBXNativeTarget "Integrate!Tests" */ = {
			isa = XCConfigurationList;
			buildConfigurations = (
				F1C1C74B2C2B27150003DDF4 /* Debug */,
				F1C1C74C2C2B27150003DDF4 /* Release */,
			);
			defaultConfigurationIsVisible = 0;
			defaultConfigurationName = Release;
		};
/* End XCConfigurationList section */

/* Begin XCSwiftPackageProductDependency section */
		F1C1C72B2C2B27140003DDF4 /* RealityKitContent */ = {
			isa = XCSwiftPackageProductDependency;
			productName = RealityKitContent;
		};
/* End XCSwiftPackageProductDependency section */
	};
	rootObject = F1C1C71E2C2B27140003DDF4 /* Project object */;
}
